
Microsoft Visual Studio Solution File, Format Version 12.00
# Visual Studio Version 17
VisualStudioVersion = 17.5.33516.290
MinimumVisualStudioVersion = 10.0.40219.1
Project("{FAE04EC0-301F-11D3-BF4B-00C04F79EFBC}") = "ToucanUI", "ToucanUI.csproj", "{FFEA4A68-651C-4BBE-A6DC-666ED0636F5A}"
EndProject
Global
	GlobalSection(SolutionConfigurationPlatforms) = preSolution
		Debug|Any CPU = Debug|Any CPU
		Release|Any CPU = Release|Any CPU
	EndGlobalSection
	GlobalSection(ProjectConfigurationPlatforms) = postSolution
		{FFEA4A68-651C-4BBE-A6DC-666ED0636F5A}.Debug|Any CPU.ActiveCfg = Debug|Any CPU
		{FFEA4A68-651C-4BBE-A6DC-666ED0636F5A}.Debug|Any CPU.Build.0 = Debug|Any CPU
		{FFEA4A68-651C-4BBE-A6DC-666ED0636F5A}.Release|Any CPU.ActiveCfg = Release|Any CPU
		{FFEA4A68-651C-4BBE-A6DC-666ED0636F5A}.Release|Any CPU.Build.0 = Release|Any CPU
	EndGlobalSection
	GlobalSection(SolutionProperties) = preSolution
		HideSolutionNode = FALSE
	EndGlobalSection
	GlobalSection(ExtensibilityGlobals) = postSolution
		SolutionGuid = {70F030D8-3E2E-43D0-92A0-4E3416A63340}
	EndGlobalSection
EndGlobal
